// !$*UTF8*$!
{
	archiveVersion = 1;
	classes = {
	};
	objectVersion = 77;
	objects = {

/* Begin PBXBuildFile section */
		4791E70AB4276B5EF40E9E06 /* P2PApp.swift in Sources */ = {isa = PBXBuildFile; fileRef = 51EC14F29AC3B1DE35E5D940 /* P2PApp.swift */; };
		5270AC0942DCDA4D749819A5 /* WebView.swift in Sources */ = {isa = PBXBuildFile; fileRef = 7E788B87E2CF0A4394A5E1B3 /* WebView.swift */; };
		9A0BF8467084067890066F5F /* ContentView.swift in Sources */ = {isa = PBXBuildFile; fileRef = 059640C29C6E8F1E1962C9F4 /* ContentView.swift */; };
		A5DB7FB17396B66CEC2D75C1 /* CameraManager.swift in Sources */ = {isa = PBXBuildFile; fileRef = 82417E17CC5DE644AC3213E3 /* CameraManager.swift */; };
		A8D1DE73FD5C02C87359E7B2 /* HTMLTemplate.swift in Sources */ = {isa = PBXBuildFile; fileRef = C43957798ED99A012B2DD5C5 /* HTMLTemplate.swift */; };
		E1862CE0237621DBB8C2CCCA /* OCRManager.swift in Sources */ = {isa = PBXBuildFile; fileRef = 3A8BBE5AAB7518FB48FD1D93 /* OCRManager.swift */; };
		E80D380112340B8E303E3C4E /* Assets.xcassets in Resources */ = {isa = PBXBuildFile; fileRef = 46DE602F151404F537B340E6 /* Assets.xcassets */; };
/* End PBXBuildFile section */

/* Begin PBXFileReference section */
		059640C29C6E8F1E1962C9F4 /* ContentView.swift */ = {isa = PBXFileReference; lastKnownFileType = sourcecode.swift; path = ContentView.swift; sourceTree = "<group>"; };
		27845535274B4C263A4656CD /* P2P.app */ = {isa = PBXFileReference; includeInIndex = 0; lastKnownFileType = wrapper.application; path = P2P.app; sourceTree = BUILT_PRODUCTS_DIR; };
		3A8BBE5AAB7518FB48FD1D93 /* OCRManager.swift */ = {isa = PBXFileReference; lastKnownFileType = sourcecode.swift; path = OCRManager.swift; sourceTree = "<group>"; };
		46DE602F151404F537B340E6 /* Assets.xcassets */ = {isa = PBXFileReference; lastKnownFileType = folder.assetcatalog; path = Assets.xcassets; sourceTree = "<group>"; };
		51EC14F29AC3B1DE35E5D940 /* P2PApp.swift */ = {isa = PBXFileReference; lastKnownFileType = sourcecode.swift; path = P2PApp.swift; sourceTree = "<group>"; };
		7E788B87E2CF0A4394A5E1B3 /* WebView.swift */ = {isa = PBXFileReference; lastKnownFileType = sourcecode.swift; path = WebView.swift; sourceTree = "<group>"; };
		82417E17CC5DE644AC3213E3 /* CameraManager.swift */ = {isa = PBXFileReference; lastKnownFileType = sourcecode.swift; path = CameraManager.swift; sourceTree = "<group>"; };
		B3CB778F233CBB5507D18652 /* Info.plist */ = {isa = PBXFileReference; lastKnownFileType = text.plist; path = Info.plist; sourceTree = "<group>"; };
		C43957798ED99A012B2DD5C5 /* HTMLTemplate.swift */ = {isa = PBXFileReference; lastKnownFileType = sourcecode.swift; path = HTMLTemplate.swift; sourceTree = "<group>"; };
/* End PBXFileReference section */

/* Begin PBXGroup section */
		2803AAA0482659C5E2D21EFC /* Products */ = {
			isa = PBXGroup;
			children = (
				27845535274B4C263A4656CD /* P2P.app */,
			);
			name = Products;
			sourceTree = "<group>";
		};
		516C8853A0D4B7396C2E0153 = {
			isa = PBXGroup;
			children = (
				A69A3F642587F60EB83DD5D0 /* Sources */,
				2803AAA0482659C5E2D21EFC /* Products */,
			);
			sourceTree = "<group>";
		};
		A69A3F642587F60EB83DD5D0 /* Sources */ = {
			isa = PBXGroup;
			children = (
				46DE602F151404F537B340E6 /* Assets.xcassets */,
				82417E17CC5DE644AC3213E3 /* CameraManager.swift */,
				059640C29C6E8F1E1962C9F4 /* ContentView.swift */,
				C43957798ED99A012B2DD5C5 /* HTMLTemplate.swift */,
				B3CB778F233CBB5507D18652 /* Info.plist */,
				3A8BBE5AAB7518FB48FD1D93 /* OCRManager.swift */,
				51EC14F29AC3B1DE35E5D940 /* P2PApp.swift */,
				7E788B87E2CF0A4394A5E1B3 /* WebView.swift */,
			);
			path = Sources;
			sourceTree = "<group>";
		};
/* End PBXGroup section */

/* Begin PBXNativeTarget section */
		4FF9B010B2F604A0F43569DC /* P2P */ = {
			isa = PBXNativeTarget;
			buildConfigurationList = 5B9A36D7E9445EDBB7586773 /* Build configuration list for PBXNativeTarget "P2P" */;
			buildPhases = (
				B9BEF179BF07BE431DCC896C /* Sources */,
				18A5E69969518620B6B5DF7B /* Resources */,
			);
			buildRules = (
			);
			dependencies = (
			);
			name = P2P;
			packageProductDependencies = (
			);
			productName = P2P;
			productReference = 27845535274B4C263A4656CD /* P2P.app */;
			productType = "com.apple.product-type.application";
		};
/* End PBXNativeTarget section */

/* Begin PBXProject section */
		E84F844CBAF2A177DB42191E /* Project object */ = {
			isa = PBXProject;
			attributes = {
				BuildIndependentTargetsInParallel = YES;
				LastUpgradeCheck = 1430;
				TargetAttributes = {
					4FF9B010B2F604A0F43569DC = {
						DevelopmentTeam = SSXLVBK7F6;
						ProvisioningStyle = Automatic;
					};
				};
			};
			buildConfigurationList = 29BD604F9FF023D18A6F3378 /* Build configuration list for PBXProject "P2P" */;
			developmentRegion = en;
			hasScannedForEncodings = 0;
			knownRegions = (
				Base,
				en,
			);
			mainGroup = 516C8853A0D4B7396C2E0153;
			minimizedProjectReferenceProxies = 1;
			preferredProjectObjectVersion = 77;
			productRefGroup = 2803AAA0482659C5E2D21EFC /* Products */;
			projectDirPath = "";
			projectRoot = "";
			targets = (
				4FF9B010B2F604A0F43569DC /* P2P */,
			);
		};
/* End PBXProject section */

/* Begin PBXResourcesBuildPhase section */
		18A5E69969518620B6B5DF7B /* Resources */ = {
			isa = PBXResourcesBuildPhase;
			buildActionMask = 2147483647;
			files = (
				E80D380112340B8E303E3C4E /* Assets.xcassets in Resources */,
			);
			runOnlyForDeploymentPostprocessing = 0;
		};
/* End PBXResourcesBuildPhase section */

/* Begin PBXSourcesBuildPhase section */
		B9BEF179BF07BE431DCC896C /* Sources */ = {
			isa = PBXSourcesBuildPhase;
			buildActionMask = 2147483647;
			files = (
				A5DB7FB17396B66CEC2D75C1 /* CameraManager.swift in Sources */,
				9A0BF8467084067890066F5F /* ContentView.swift in Sources */,
				A8D1DE73FD5C02C87359E7B2 /* HTMLTemplate.swift in Sources */,
				E1862CE0237621DBB8C2CCCA /* OCRManager.swift in Sources */,
				4791E70AB4276B5EF40E9E06 /* P2PApp.swift in Sources */,
				5270AC0942DCDA4D749819A5 /* WebView.swift in Sources */,
			);
			runOnlyForDeploymentPostprocessing = 0;
		};
/* End PBXSourcesBuildPhase section */

/* Begin XCBuildConfiguration section */
		9FB68DE8A70CB6A08446D697 /* Release */ = {
			isa = XCBuildConfiguration;
			buildSettings = {
				ASSETCATALOG_COMPILER_APPICON_NAME = AppIcon;
				CODE_SIGN_IDENTITY = "Apple Development";
				CODE_SIGN_STYLE = Automatic;
				CURRENT_PROJECT_VERSION = 1;
				DEVELOPMENT_TEAM = SSXLVBK7F6;
				INFOPLIST_FILE = Sources/Info.plist;
				LD_RUNPATH_SEARCH_PATHS = (
					"$(inherited)",
					"@executable_path/Frameworks",
				);
				MARKETING_VERSION = 1.0;
				PRODUCT_BUNDLE_IDENTIFIER = com.cwervo.P2P;
				SDKROOT = iphoneos;
				SWIFT_VERSION = 5.0;
				TARGETED_DEVICE_FAMILY = 1;
			};
			name = Release;
		};
		CE4590E06D4D001E0FEACC14 /* Debug */ = {
			isa = XCBuildConfiguration;
			buildSettings = {
				ALWAYS_SEARCH_USER_PATHS = NO;
				CLANG_ANALYZER_NONNULL = YES;
				CLANG_ANALYZER_NUMBER_OBJECT_CONVERSION = YES_AGGRESSIVE;
				CLANG_CXX_LANGUAGE_STANDARD = "gnu++14";
				CLANG_CXX_LIBRARY = "libc++";
				CLANG_ENABLE_MODULES = YES;
				CLANG_ENABLE_OBJC_ARC = YES;
				CLANG_ENABLE_OBJC_WEAK = YES;
				CLANG_WARN_BLOCK_CAPTURE_AUTORELEASING = YES;
				CLANG_WARN_BOOL_CONVERSION = YES;
				CLANG_WARN_COMMA = YES;
				CLANG_WARN_CONSTANT_CONVERSION = YES;
				CLANG_WARN_DEPRECATED_OBJC_IMPLEMENTATIONS = YES;
				CLANG_WARN_DIRECT_OBJC_ISA_USAGE = YES_ERROR;
				CLANG_WARN_DOCUMENTATION_COMMENTS = YES;
				CLANG_WARN_EMPTY_BODY = YES;
				CLANG_WARN_ENUM_CONVERSION = YES;
				CLANG_WARN_INFINITE_RECURSION = YES;
				CLANG_WARN_INT_CONVERSION = YES;
				CLANG_WARN_NON_LITERAL_NULL_CONVERSION = YES;
				CLANG_WARN_OBJC_IMPLICIT_RETAIN_SELF = YES;
				CLANG_WARN_OBJC_LITERAL_CONVERSION = YES;
				CLANG_WARN_OBJC_ROOT_CLASS = YES_ERROR;
				CLANG_WARN_QUOTED_INCLUDE_IN_FRAMEWORK_HEADER = YES;
				CLANG_WARN_RANGE_LOOP_ANALYSIS = YES;
				CLANG_WARN_STRICT_PROTOTYPES = YES;
				CLANG_WARN_SUSPICIOUS_MOVE = YES;
				CLANG_WARN_UNGUARDED_AVAILABILITY = YES_AGGRESSIVE;
				CLANG_WARN_UNREACHABLE_CODE = YES;
				CLANG_WARN__DUPLICATE_METHOD_MATCH = YES;
				COPY_PHASE_STRIP = NO;
				DEBUG_INFORMATION_FORMAT = dwarf;
				ENABLE_STRICT_OBJC_MSGSEND = YES;
				ENABLE_TESTABILITY = YES;
				GCC_C_LANGUAGE_STANDARD = gnu11;
				GCC_DYNAMIC_NO_PIC = NO;
				GCC_NO_COMMON_BLOCKS = YES;
				GCC_OPTIMIZATION_LEVEL = 0;
				GCC_PREPROCESSOR_DEFINITIONS = (
					"$(inherited)",
					"DEBUG=1",
				);
				GCC_WARN_64_TO_32_BIT_CONVERSION = YES;
				GCC_WARN_ABOUT_RETURN_TYPE = YES_ERROR;
				GCC_WARN_UNDECLARED_SELECTOR = YES;
				GCC_WARN_UNINITIALIZED_AUTOS = YES_AGGRESSIVE;
				GCC_WARN_UNUSED_FUNCTION = YES;
				GCC_WARN_UNUSED_VARIABLE = YES;
				IPHONEOS_DEPLOYMENT_TARGET = 17.0;
				MTL_ENABLE_DEBUG_INFO = INCLUDE_SOURCE;
				MTL_FAST_MATH = YES;
				ONLY_ACTIVE_ARCH = YES;
				PRODUCT_NAME = "$(TARGET_NAME)";
				SDKROOT = iphoneos;
				SWIFT_ACTIVE_COMPILATION_CONDITIONS = DEBUG;
				SWIFT_OPTIMIZATION_LEVEL = "-Onone";
				SWIFT_VERSION = 5.0;
			};
			name = Debug;
		};
		E7899A5A3BF49872D17B6D6F /* Debug */ = {
			isa = XCBuildConfiguration;
			buildSettings = {
				ASSETCATALOG_COMPILER_APPICON_NAME = AppIcon;
				CODE_SIGN_IDENTITY = "Apple Development";
				CODE_SIGN_STYLE = Automatic;
				CURRENT_PROJECT_VERSION = 1;
				DEVELOPMENT_TEAM = SSXLVBK7F6;
				INFOPLIST_FILE = Sources/Info.plist;
				LD_RUNPATH_SEARCH_PATHS = (
					"$(inherited)",
					"@executable_path/Frameworks",
				);
				MARKETING_VERSION = 1.0;
				PRODUCT_BUNDLE_IDENTIFIER = com.cwervo.P2P;
				SDKROOT = iphoneos;
				SWIFT_VERSION = 5.0;
				TARGETED_DEVICE_FAMILY = 1;
			};
			name = Debug;
		};
		EA2E6CC5EF9ABCAD2E5F7BE7 /* Release */ = {
			isa = XCBuildConfiguration;
			buildSettings = {
				ALWAYS_SEARCH_USER_PATHS = NO;
				CLANG_ANALYZER_NONNULL = YES;
				CLANG_ANALYZER_NUMBER_OBJECT_CONVERSION = YES_AGGRESSIVE;
				CLANG_CXX_LANGUAGE_STANDARD = "gnu++14";
				CLANG_CXX_LIBRARY = "libc++";
				CLANG_ENABLE_MODULES = YES;
				CLANG_ENABLE_OBJC_ARC = YES;
				CLANG_ENABLE_OBJC_WEAK = YES;
				CLANG_WARN_BLOCK_CAPTURE_AUTORELEASING = YES;
				CLANG_WARN_BOOL_CONVERSION = YES;
				CLANG_WARN_COMMA = YES;
				CLANG_WARN_CONSTANT_CONVERSION = YES;
				CLANG_WARN_DEPRECATED_OBJC_IMPLEMENTATIONS = YES;
				CLANG_WARN_DIRECT_OBJC_ISA_USAGE = YES_ERROR;
				CLANG_WARN_DOCUMENTATION_COMMENTS = YES;
				CLANG_WARN_EMPTY_BODY = YES;
				CLANG_WARN_ENUM_CONVERSION = YES;
				CLANG_WARN_INFINITE_RECURSION = YES;
				CLANG_WARN_INT_CONVERSION = YES;
				CLANG_WARN_NON_LITERAL_NULL_CONVERSION = YES;
				CLANG_WARN_OBJC_IMPLICIT_RETAIN_SELF = YES;
				CLANG_WARN_OBJC_LITERAL_CONVERSION = YES;
				CLANG_WARN_OBJC_ROOT_CLASS = YES_ERROR;
				CLANG_WARN_QUOTED_INCLUDE_IN_FRAMEWORK_HEADER = YES;
				CLANG_WARN_RANGE_LOOP_ANALYSIS = YES;
				CLANG_WARN_STRICT_PROTOTYPES = YES;
				CLANG_WARN_SUSPICIOUS_MOVE = YES;
				CLANG_WARN_UNGUARDED_AVAILABILITY = YES_AGGRESSIVE;
				CLANG_WARN_UNREACHABLE_CODE = YES;
				CLANG_WARN__DUPLICATE_METHOD_MATCH = YES;
				COPY_PHASE_STRIP = NO;
				DEBUG_INFORMATION_FORMAT = "dwarf-with-dsym";
				ENABLE_NS_ASSERTIONS = NO;
				ENABLE_STRICT_OBJC_MSGSEND = YES;
				GCC_C_LANGUAGE_STANDARD = gnu11;
				GCC_NO_COMMON_BLOCKS = YES;
				GCC_WARN_64_TO_32_BIT_CONVERSION = YES;
				GCC_WARN_ABOUT_RETURN_TYPE = YES_ERROR;
				GCC_WARN_UNDECLARED_SELECTOR = YES;
				GCC_WARN_UNINITIALIZED_AUTOS = YES_AGGRESSIVE;
				GCC_WARN_UNUSED_FUNCTION = YES;
				GCC_WARN_UNUSED_VARIABLE = YES;
				IPHONEOS_DEPLOYMENT_TARGET = 17.0;
				MTL_ENABLE_DEBUG_INFO = NO;
				MTL_FAST_MATH = YES;
				PRODUCT_NAME = "$(TARGET_NAME)";
				SDKROOT = iphoneos;
				SWIFT_COMPILATION_MODE = wholemodule;
				SWIFT_OPTIMIZATION_LEVEL = "-O";
				SWIFT_VERSION = 5.0;
			};
			name = Release;
		};
/* End XCBuildConfiguration section */

/* Begin XCConfigurationList section */
		29BD604F9FF023D18A6F3378 /* Build configuration list for PBXProject "P2P" */ = {
			isa = XCConfigurationList;
			buildConfigurations = (
				CE4590E06D4D001E0FEACC14 /* Debug */,
				EA2E6CC5EF9ABCAD2E5F7BE7 /* Release */,
			);
			defaultConfigurationIsVisible = 0;
			defaultConfigurationName = Debug;
		};
		5B9A36D7E9445EDBB7586773 /* Build configuration list for PBXNativeTarget "P2P" */ = {
			isa = XCConfigurationList;
			buildConfigurations = (
				E7899A5A3BF49872D17B6D6F /* Debug */,
				9FB68DE8A70CB6A08446D697 /* Release */,
			);
			defaultConfigurationIsVisible = 0;
			defaultConfigurationName = Debug;
		};
/* End XCConfigurationList section */
	};
	rootObject = E84F844CBAF2A177DB42191E /* Project object */;
}
